
Microsoft Visual Studio Solution File, Format Version 12.00
# Visual Studio Version 16
VisualStudioVersion = 16.0.28407.52
MinimumVisualStudioVersion = 10.0.40219.1
Project("{FAE04EC0-301F-11D3-BF4B-00C04F79EFBC}") = "Entrega.Entidades", "EntregaEntidades\Entrega.Entidades.csproj", "{F9A588E8-1912-4BAC-A83D-47D76892709C}"
EndProject
Project("{FAE04EC0-301F-11D3-BF4B-00C04F79EFBC}") = "Entrega.Datos", "EntregaDatos\Entrega.Datos.csproj", "{17856E26-DFC4-4A1E-81F5-46422099513B}"
EndProject
Project("{FAE04EC0-301F-11D3-BF4B-00C04F79EFBC}") = "Entrega.Web", "Entrega.Web\Entrega.Web.csproj", "{BCAE6514-D103-430C-AC7C-49B06C727A92}"
EndProject
Global
	GlobalSection(SolutionConfigurationPlatforms) = preSolution
		Debug|Any CPU = Debug|Any CPU
		Release|Any CPU = Release|Any CPU
	EndGlobalSection
	GlobalSection(ProjectConfigurationPlatforms) = postSolution
		{F9A588E8-1912-4BAC-A83D-47D76892709C}.Debug|Any CPU.ActiveCfg = Debug|Any CPU
		{F9A588E8-1912-4BAC-A83D-47D76892709C}.Debug|Any CPU.Build.0 = Debug|Any CPU
		{F9A588E8-1912-4BAC-A83D-47D76892709C}.Release|Any CPU.ActiveCfg = Release|Any CPU
		{F9A588E8-1912-4BAC-A83D-47D76892709C}.Release|Any CPU.Build.0 = Release|Any CPU
		{17856E26-DFC4-4A1E-81F5-46422099513B}.Debug|Any CPU.ActiveCfg = Debug|Any CPU
		{17856E26-DFC4-4A1E-81F5-46422099513B}.Debug|Any CPU.Build.0 = Debug|Any CPU
		{17856E26-DFC4-4A1E-81F5-46422099513B}.Release|Any CPU.ActiveCfg = Release|Any CPU
		{17856E26-DFC4-4A1E-81F5-46422099513B}.Release|Any CPU.Build.0 = Release|Any CPU
		{BCAE6514-D103-430C-AC7C-49B06C727A92}.Debug|Any CPU.ActiveCfg = Debug|Any CPU
		{BCAE6514-D103-430C-AC7C-49B06C727A92}.Debug|Any CPU.Build.0 = Debug|Any CPU
		{BCAE6514-D103-430C-AC7C-49B06C727A92}.Release|Any CPU.ActiveCfg = Release|Any CPU
		{BCAE6514-D103-430C-AC7C-49B06C727A92}.Release|Any CPU.Build.0 = Release|Any CPU
	EndGlobalSection
	GlobalSection(SolutionProperties) = preSolution
		HideSolutionNode = FALSE
	EndGlobalSection
	GlobalSection(ExtensibilityGlobals) = postSolution
		SolutionGuid = {0E65BCC8-E2E7-4715-906E-FE573D469748}
	EndGlobalSection
EndGlobal
